
Microsoft Visual Studio Solution File, Format Version 12.00
# Visual Studio 2012
Project("{FAE04EC0-301F-11D3-BF4B-00C04F79EFBC}") = "SortingHomework", "SortingHomework\SortingHomework.csproj", "{24F0B399-DA66-4ABE-BF91-78537120C930}"
EndProject
Project("{FAE04EC0-301F-11D3-BF4B-00C04F79EFBC}") = "SortingHomeworkUnitTests", "SortingHomeworkUnitTests\SortingHomeworkUnitTests.csproj", "{398238C5-76BF-49F4-A917-11FBAB21E10C}"
EndProject
Global
	GlobalSection(SolutionConfigurationPlatforms) = preSolution
		Debug|Any CPU = Debug|Any CPU
		Release|Any CPU = Release|Any CPU
	EndGlobalSection
	GlobalSection(ProjectConfigurationPlatforms) = postSolution
		{24F0B399-DA66-4ABE-BF91-78537120C930}.Debug|Any CPU.ActiveCfg = Debug|Any CPU
		{24F0B399-DA66-4ABE-BF91-78537120C930}.Debug|Any CPU.Build.0 = Debug|Any CPU
		{24F0B399-DA66-4ABE-BF91-78537120C930}.Release|Any CPU.ActiveCfg = Release|Any CPU
		{24F0B399-DA66-4ABE-BF91-78537120C930}.Release|Any CPU.Build.0 = Release|Any CPU
		{398238C5-76BF-49F4-A917-11FBAB21E10C}.Debug|Any CPU.ActiveCfg = Debug|Any CPU
		{398238C5-76BF-49F4-A917-11FBAB21E10C}.Debug|Any CPU.Build.0 = Debug|Any CPU
		{398238C5-76BF-49F4-A917-11FBAB21E10C}.Release|Any CPU.ActiveCfg = Release|Any CPU
		{398238C5-76BF-49F4-A917-11FBAB21E10C}.Release|Any CPU.Build.0 = Release|Any CPU
	EndGlobalSection
	GlobalSection(SolutionProperties) = preSolution
		HideSolutionNode = FALSE
	EndGlobalSection
EndGlobal
