
Microsoft Visual Studio Solution File, Format Version 12.00
# Visual Studio 2012
Project("{FAE04EC0-301F-11D3-BF4B-00C04F79EFBC}") = "01 School", "01 School\01 School.csproj", "{4A273C2B-54F2-4123-811B-87C5C2CE2DC2}"
EndProject
Project("{FAE04EC0-301F-11D3-BF4B-00C04F79EFBC}") = "02 Humans", "02 Humans\02 Humans.csproj", "{4DF30992-B6D2-42A8-BA3F-95C23F01F6EC}"
EndProject
Project("{FAE04EC0-301F-11D3-BF4B-00C04F79EFBC}") = "03 Animals", "03 Animals\03 Animals.csproj", "{3BE08EFF-B38C-4E8F-841F-E5F1FDD0564B}"
EndProject
Global
	GlobalSection(SolutionConfigurationPlatforms) = preSolution
		Debug|Any CPU = Debug|Any CPU
		Release|Any CPU = Release|Any CPU
	EndGlobalSection
	GlobalSection(ProjectConfigurationPlatforms) = postSolution
		{4A273C2B-54F2-4123-811B-87C5C2CE2DC2}.Debug|Any CPU.ActiveCfg = Debug|Any CPU
		{4A273C2B-54F2-4123-811B-87C5C2CE2DC2}.Debug|Any CPU.Build.0 = Debug|Any CPU
		{4A273C2B-54F2-4123-811B-87C5C2CE2DC2}.Release|Any CPU.ActiveCfg = Release|Any CPU
		{4A273C2B-54F2-4123-811B-87C5C2CE2DC2}.Release|Any CPU.Build.0 = Release|Any CPU
		{4DF30992-B6D2-42A8-BA3F-95C23F01F6EC}.Debug|Any CPU.ActiveCfg = Debug|Any CPU
		{4DF30992-B6D2-42A8-BA3F-95C23F01F6EC}.Debug|Any CPU.Build.0 = Debug|Any CPU
		{4DF30992-B6D2-42A8-BA3F-95C23F01F6EC}.Release|Any CPU.ActiveCfg = Release|Any CPU
		{4DF30992-B6D2-42A8-BA3F-95C23F01F6EC}.Release|Any CPU.Build.0 = Release|Any CPU
		{3BE08EFF-B38C-4E8F-841F-E5F1FDD0564B}.Debug|Any CPU.ActiveCfg = Debug|Any CPU
		{3BE08EFF-B38C-4E8F-841F-E5F1FDD0564B}.Debug|Any CPU.Build.0 = Debug|Any CPU
		{3BE08EFF-B38C-4E8F-841F-E5F1FDD0564B}.Release|Any CPU.ActiveCfg = Release|Any CPU
		{3BE08EFF-B38C-4E8F-841F-E5F1FDD0564B}.Release|Any CPU.Build.0 = Release|Any CPU
	EndGlobalSection
	GlobalSection(SolutionProperties) = preSolution
		HideSolutionNode = FALSE
	EndGlobalSection
EndGlobal
