
Microsoft Visual Studio Solution File, Format Version 12.00
# Visual Studio 2012
Project("{FAE04EC0-301F-11D3-BF4B-00C04F79EFBC}") = "PhonesStores.Client", "PhonesStores.Client\PhonesStores.Client.csproj", "{05BA4CC7-8A7D-4524-8B61-C6EABF02E37F}"
EndProject
Project("{FAE04EC0-301F-11D3-BF4B-00C04F79EFBC}") = "ViewModels", "ViewModels\ViewModels.csproj", "{9AE1422B-2454-461C-9D14-5CB277033E5D}"
EndProject
Global
	GlobalSection(SolutionConfigurationPlatforms) = preSolution
		Debug|Any CPU = Debug|Any CPU
		Release|Any CPU = Release|Any CPU
	EndGlobalSection
	GlobalSection(ProjectConfigurationPlatforms) = postSolution
		{05BA4CC7-8A7D-4524-8B61-C6EABF02E37F}.Debug|Any CPU.ActiveCfg = Debug|Any CPU
		{05BA4CC7-8A7D-4524-8B61-C6EABF02E37F}.Debug|Any CPU.Build.0 = Debug|Any CPU
		{05BA4CC7-8A7D-4524-8B61-C6EABF02E37F}.Release|Any CPU.ActiveCfg = Release|Any CPU
		{05BA4CC7-8A7D-4524-8B61-C6EABF02E37F}.Release|Any CPU.Build.0 = Release|Any CPU
		{9AE1422B-2454-461C-9D14-5CB277033E5D}.Debug|Any CPU.ActiveCfg = Debug|Any CPU
		{9AE1422B-2454-461C-9D14-5CB277033E5D}.Debug|Any CPU.Build.0 = Debug|Any CPU
		{9AE1422B-2454-461C-9D14-5CB277033E5D}.Release|Any CPU.ActiveCfg = Release|Any CPU
		{9AE1422B-2454-461C-9D14-5CB277033E5D}.Release|Any CPU.Build.0 = Release|Any CPU
	EndGlobalSection
	GlobalSection(SolutionProperties) = preSolution
		HideSolutionNode = FALSE
	EndGlobalSection
EndGlobal
