
Microsoft Visual Studio Solution File, Format Version 12.00
# Visual Studio 2012
Project("{FAE04EC0-301F-11D3-BF4B-00C04F79EFBC}") = "Knapsack Problem", "Knapsack Problem\Knapsack Problem.csproj", "{4C305259-ADA0-45BF-8A3A-92893D4DD022}"
EndProject
Project("{FAE04EC0-301F-11D3-BF4B-00C04F79EFBC}") = "Minimum Edit Distance", "Minimum Edit Distance\Minimum Edit Distance.csproj", "{91B669C5-2E89-4A85-9336-F589B63A39CC}"
EndProject
Global
	GlobalSection(SolutionConfigurationPlatforms) = preSolution
		Debug|Any CPU = Debug|Any CPU
		Release|Any CPU = Release|Any CPU
	EndGlobalSection
	GlobalSection(ProjectConfigurationPlatforms) = postSolution
		{4C305259-ADA0-45BF-8A3A-92893D4DD022}.Debug|Any CPU.ActiveCfg = Debug|Any CPU
		{4C305259-ADA0-45BF-8A3A-92893D4DD022}.Debug|Any CPU.Build.0 = Debug|Any CPU
		{4C305259-ADA0-45BF-8A3A-92893D4DD022}.Release|Any CPU.ActiveCfg = Release|Any CPU
		{4C305259-ADA0-45BF-8A3A-92893D4DD022}.Release|Any CPU.Build.0 = Release|Any CPU
		{91B669C5-2E89-4A85-9336-F589B63A39CC}.Debug|Any CPU.ActiveCfg = Debug|Any CPU
		{91B669C5-2E89-4A85-9336-F589B63A39CC}.Debug|Any CPU.Build.0 = Debug|Any CPU
		{91B669C5-2E89-4A85-9336-F589B63A39CC}.Release|Any CPU.ActiveCfg = Release|Any CPU
		{91B669C5-2E89-4A85-9336-F589B63A39CC}.Release|Any CPU.Build.0 = Release|Any CPU
	EndGlobalSection
	GlobalSection(SolutionProperties) = preSolution
		HideSolutionNode = FALSE
	EndGlobalSection
EndGlobal
