
Microsoft Visual Studio Solution File, Format Version 12.00
# Visual Studio 2012
Project("{FAE04EC0-301F-11D3-BF4B-00C04F79EFBC}") = "01 Array of 20 Integers", "01 Array of 20 Integers\01 Array of 20 Integers.csproj", "{110DA050-72BA-4BB2-B4B4-D5514C57AEDB}"
EndProject
Project("{FAE04EC0-301F-11D3-BF4B-00C04F79EFBC}") = "02 Array Comparison", "02 Array Comparison\02 Array Comparison.csproj", "{4BBE6311-28D4-4CC5-9628-CBA451E019AA}"
EndProject
Project("{FAE04EC0-301F-11D3-BF4B-00C04F79EFBC}") = "03 Char Array Comparison", "03 Char Array Comparison\03 Char Array Comparison.csproj", "{41821E3C-2B14-4246-A702-6CE60F42A342}"
EndProject
Project("{FAE04EC0-301F-11D3-BF4B-00C04F79EFBC}") = "04 Max sequence of equals", "04 Max sequence of equals\04 Max sequence of equals.csproj", "{14C5B9D8-7CDC-4158-B693-6A902219B362}"
EndProject
Project("{FAE04EC0-301F-11D3-BF4B-00C04F79EFBC}") = "05 Maximal Increasing Sequence", "05 Maximal Increasing Sequence\05 Maximal Increasing Sequence.csproj", "{6A21DCAE-E080-400A-B54F-82F79F27D142}"
EndProject
Project("{FAE04EC0-301F-11D3-BF4B-00C04F79EFBC}") = "06 Max sum of K array elements", "06 Max sum of K array elements\06 Max sum of K array elements.csproj", "{48C7CC12-BCCA-4ABC-AA07-15C001699BD5}"
EndProject
Project("{FAE04EC0-301F-11D3-BF4B-00C04F79EFBC}") = "07 Selection Sort", "07 Selection Sort\07 Selection Sort.csproj", "{338E01F0-2C3B-47E9-BA1D-CF538E6C5C3E}"
EndProject
Project("{FAE04EC0-301F-11D3-BF4B-00C04F79EFBC}") = "08 Max sum sequence", "08 Max sum sequence\08 Max sum sequence.csproj", "{67DD697D-4FA2-41F4-A8A0-CB07587BF64A}"
EndProject
Project("{FAE04EC0-301F-11D3-BF4B-00C04F79EFBC}") = "09 Most Frequent Element", "09 Most Frequent Element\09 Most Frequent Element.csproj", "{DF9ABE85-0CEB-49B6-A2EB-0668CF4AE33B}"
EndProject
Project("{FAE04EC0-301F-11D3-BF4B-00C04F79EFBC}") = "10 Find Sequence Sum", "10 Find Sequence Sum\10 Find Sequence Sum.csproj", "{9EFFE12C-960F-47DA-84C0-9771DA3C38B5}"
EndProject
Project("{FAE04EC0-301F-11D3-BF4B-00C04F79EFBC}") = "11 Binary Search", "11 Binary Search\11 Binary Search.csproj", "{B0244B7D-9271-4BBD-A39A-1039070C25B5}"
EndProject
Project("{FAE04EC0-301F-11D3-BF4B-00C04F79EFBC}") = "12 Word Alphabet", "12 Word Alphabet\12 Word Alphabet.csproj", "{4B391B12-1C8A-4801-A90B-3CB36798026C}"
EndProject
Project("{FAE04EC0-301F-11D3-BF4B-00C04F79EFBC}") = "13 Merge Sort", "13 Merge Sort\13 Merge Sort.csproj", "{9344372F-D2A4-4E90-8729-D037DFF31FA8}"
EndProject
Project("{FAE04EC0-301F-11D3-BF4B-00C04F79EFBC}") = "14 Quick Sort", "14 Quick Sort\14 Quick Sort.csproj", "{2C758083-7EFB-4294-9CBF-5CF9A447A22B}"
EndProject
Project("{FAE04EC0-301F-11D3-BF4B-00C04F79EFBC}") = "15 Eratosthenes Sieve", "15 Eratosthenes Sieve\15 Eratosthenes Sieve.csproj", "{96A6ECA7-A6F8-43F1-A468-A47FFD8AAA3E}"
EndProject
Project("{FAE04EC0-301F-11D3-BF4B-00C04F79EFBC}") = "16 Find Sum In Subset", "16 Find Sum In Subset\16 Find Sum In Subset.csproj", "{D6FA5C90-6D35-495C-AF2A-C67C5E34BE4F}"
EndProject
Project("{FAE04EC0-301F-11D3-BF4B-00C04F79EFBC}") = "17 Find K Subsets of Sum", "17 Find K Subsets of Sum\17 Find K Subsets of Sum.csproj", "{54A6FA4D-7374-42AA-B4FF-CA0335556BC8}"
EndProject
Project("{FAE04EC0-301F-11D3-BF4B-00C04F79EFBC}") = "21 All Combinations", "21 All Combinations\21 All Combinations.csproj", "{5F5F7012-6E47-46B1-952B-BEE8EA6DE81C}"
EndProject
Project("{FAE04EC0-301F-11D3-BF4B-00C04F79EFBC}") = "20 All variations", "20 All variations\20 All variations.csproj", "{A5C55013-92B1-4B04-B142-DE034E635A61}"
EndProject
Project("{FAE04EC0-301F-11D3-BF4B-00C04F79EFBC}") = "19 All permutatons", "19 All permutatons\19 All permutatons.csproj", "{71F87E9C-D79B-43E7-9A23-0D3391E2A40E}"
EndProject
Project("{FAE04EC0-301F-11D3-BF4B-00C04F79EFBC}") = "18 Removal Sort", "18 Removal Sort\18 Removal Sort.csproj", "{21EFD783-119B-4530-A0A0-79999D80DCBA}"
EndProject
Global
	GlobalSection(SolutionConfigurationPlatforms) = preSolution
		Debug|Any CPU = Debug|Any CPU
		Release|Any CPU = Release|Any CPU
	EndGlobalSection
	GlobalSection(ProjectConfigurationPlatforms) = postSolution
		{110DA050-72BA-4BB2-B4B4-D5514C57AEDB}.Debug|Any CPU.ActiveCfg = Debug|Any CPU
		{110DA050-72BA-4BB2-B4B4-D5514C57AEDB}.Debug|Any CPU.Build.0 = Debug|Any CPU
		{110DA050-72BA-4BB2-B4B4-D5514C57AEDB}.Release|Any CPU.ActiveCfg = Release|Any CPU
		{110DA050-72BA-4BB2-B4B4-D5514C57AEDB}.Release|Any CPU.Build.0 = Release|Any CPU
		{4BBE6311-28D4-4CC5-9628-CBA451E019AA}.Debug|Any CPU.ActiveCfg = Debug|Any CPU
		{4BBE6311-28D4-4CC5-9628-CBA451E019AA}.Debug|Any CPU.Build.0 = Debug|Any CPU
		{4BBE6311-28D4-4CC5-9628-CBA451E019AA}.Release|Any CPU.ActiveCfg = Release|Any CPU
		{4BBE6311-28D4-4CC5-9628-CBA451E019AA}.Release|Any CPU.Build.0 = Release|Any CPU
		{41821E3C-2B14-4246-A702-6CE60F42A342}.Debug|Any CPU.ActiveCfg = Debug|Any CPU
		{41821E3C-2B14-4246-A702-6CE60F42A342}.Debug|Any CPU.Build.0 = Debug|Any CPU
		{41821E3C-2B14-4246-A702-6CE60F42A342}.Release|Any CPU.ActiveCfg = Release|Any CPU
		{41821E3C-2B14-4246-A702-6CE60F42A342}.Release|Any CPU.Build.0 = Release|Any CPU
		{14C5B9D8-7CDC-4158-B693-6A902219B362}.Debug|Any CPU.ActiveCfg = Debug|Any CPU
		{14C5B9D8-7CDC-4158-B693-6A902219B362}.Debug|Any CPU.Build.0 = Debug|Any CPU
		{14C5B9D8-7CDC-4158-B693-6A902219B362}.Release|Any CPU.ActiveCfg = Release|Any CPU
		{14C5B9D8-7CDC-4158-B693-6A902219B362}.Release|Any CPU.Build.0 = Release|Any CPU
		{6A21DCAE-E080-400A-B54F-82F79F27D142}.Debug|Any CPU.ActiveCfg = Debug|Any CPU
		{6A21DCAE-E080-400A-B54F-82F79F27D142}.Debug|Any CPU.Build.0 = Debug|Any CPU
		{6A21DCAE-E080-400A-B54F-82F79F27D142}.Release|Any CPU.ActiveCfg = Release|Any CPU
		{6A21DCAE-E080-400A-B54F-82F79F27D142}.Release|Any CPU.Build.0 = Release|Any CPU
		{48C7CC12-BCCA-4ABC-AA07-15C001699BD5}.Debug|Any CPU.ActiveCfg = Debug|Any CPU
		{48C7CC12-BCCA-4ABC-AA07-15C001699BD5}.Debug|Any CPU.Build.0 = Debug|Any CPU
		{48C7CC12-BCCA-4ABC-AA07-15C001699BD5}.Release|Any CPU.ActiveCfg = Release|Any CPU
		{48C7CC12-BCCA-4ABC-AA07-15C001699BD5}.Release|Any CPU.Build.0 = Release|Any CPU
		{338E01F0-2C3B-47E9-BA1D-CF538E6C5C3E}.Debug|Any CPU.ActiveCfg = Debug|Any CPU
		{338E01F0-2C3B-47E9-BA1D-CF538E6C5C3E}.Debug|Any CPU.Build.0 = Debug|Any CPU
		{338E01F0-2C3B-47E9-BA1D-CF538E6C5C3E}.Release|Any CPU.ActiveCfg = Release|Any CPU
		{338E01F0-2C3B-47E9-BA1D-CF538E6C5C3E}.Release|Any CPU.Build.0 = Release|Any CPU
		{67DD697D-4FA2-41F4-A8A0-CB07587BF64A}.Debug|Any CPU.ActiveCfg = Debug|Any CPU
		{67DD697D-4FA2-41F4-A8A0-CB07587BF64A}.Debug|Any CPU.Build.0 = Debug|Any CPU
		{67DD697D-4FA2-41F4-A8A0-CB07587BF64A}.Release|Any CPU.ActiveCfg = Release|Any CPU
		{67DD697D-4FA2-41F4-A8A0-CB07587BF64A}.Release|Any CPU.Build.0 = Release|Any CPU
		{DF9ABE85-0CEB-49B6-A2EB-0668CF4AE33B}.Debug|Any CPU.ActiveCfg = Debug|Any CPU
		{DF9ABE85-0CEB-49B6-A2EB-0668CF4AE33B}.Debug|Any CPU.Build.0 = Debug|Any CPU
		{DF9ABE85-0CEB-49B6-A2EB-0668CF4AE33B}.Release|Any CPU.ActiveCfg = Release|Any CPU
		{DF9ABE85-0CEB-49B6-A2EB-0668CF4AE33B}.Release|Any CPU.Build.0 = Release|Any CPU
		{9EFFE12C-960F-47DA-84C0-9771DA3C38B5}.Debug|Any CPU.ActiveCfg = Debug|Any CPU
		{9EFFE12C-960F-47DA-84C0-9771DA3C38B5}.Debug|Any CPU.Build.0 = Debug|Any CPU
		{9EFFE12C-960F-47DA-84C0-9771DA3C38B5}.Release|Any CPU.ActiveCfg = Release|Any CPU
		{9EFFE12C-960F-47DA-84C0-9771DA3C38B5}.Release|Any CPU.Build.0 = Release|Any CPU
		{B0244B7D-9271-4BBD-A39A-1039070C25B5}.Debug|Any CPU.ActiveCfg = Debug|Any CPU
		{B0244B7D-9271-4BBD-A39A-1039070C25B5}.Debug|Any CPU.Build.0 = Debug|Any CPU
		{B0244B7D-9271-4BBD-A39A-1039070C25B5}.Release|Any CPU.ActiveCfg = Release|Any CPU
		{B0244B7D-9271-4BBD-A39A-1039070C25B5}.Release|Any CPU.Build.0 = Release|Any CPU
		{4B391B12-1C8A-4801-A90B-3CB36798026C}.Debug|Any CPU.ActiveCfg = Debug|Any CPU
		{4B391B12-1C8A-4801-A90B-3CB36798026C}.Debug|Any CPU.Build.0 = Debug|Any CPU
		{4B391B12-1C8A-4801-A90B-3CB36798026C}.Release|Any CPU.ActiveCfg = Release|Any CPU
		{4B391B12-1C8A-4801-A90B-3CB36798026C}.Release|Any CPU.Build.0 = Release|Any CPU
		{9344372F-D2A4-4E90-8729-D037DFF31FA8}.Debug|Any CPU.ActiveCfg = Debug|Any CPU
		{9344372F-D2A4-4E90-8729-D037DFF31FA8}.Debug|Any CPU.Build.0 = Debug|Any CPU
		{9344372F-D2A4-4E90-8729-D037DFF31FA8}.Release|Any CPU.ActiveCfg = Release|Any CPU
		{9344372F-D2A4-4E90-8729-D037DFF31FA8}.Release|Any CPU.Build.0 = Release|Any CPU
		{2C758083-7EFB-4294-9CBF-5CF9A447A22B}.Debug|Any CPU.ActiveCfg = Debug|Any CPU
		{2C758083-7EFB-4294-9CBF-5CF9A447A22B}.Debug|Any CPU.Build.0 = Debug|Any CPU
		{2C758083-7EFB-4294-9CBF-5CF9A447A22B}.Release|Any CPU.ActiveCfg = Release|Any CPU
		{2C758083-7EFB-4294-9CBF-5CF9A447A22B}.Release|Any CPU.Build.0 = Release|Any CPU
		{96A6ECA7-A6F8-43F1-A468-A47FFD8AAA3E}.Debug|Any CPU.ActiveCfg = Debug|Any CPU
		{96A6ECA7-A6F8-43F1-A468-A47FFD8AAA3E}.Debug|Any CPU.Build.0 = Debug|Any CPU
		{96A6ECA7-A6F8-43F1-A468-A47FFD8AAA3E}.Release|Any CPU.ActiveCfg = Release|Any CPU
		{96A6ECA7-A6F8-43F1-A468-A47FFD8AAA3E}.Release|Any CPU.Build.0 = Release|Any CPU
		{D6FA5C90-6D35-495C-AF2A-C67C5E34BE4F}.Debug|Any CPU.ActiveCfg = Debug|Any CPU
		{D6FA5C90-6D35-495C-AF2A-C67C5E34BE4F}.Debug|Any CPU.Build.0 = Debug|Any CPU
		{D6FA5C90-6D35-495C-AF2A-C67C5E34BE4F}.Release|Any CPU.ActiveCfg = Release|Any CPU
		{D6FA5C90-6D35-495C-AF2A-C67C5E34BE4F}.Release|Any CPU.Build.0 = Release|Any CPU
		{54A6FA4D-7374-42AA-B4FF-CA0335556BC8}.Debug|Any CPU.ActiveCfg = Debug|Any CPU
		{54A6FA4D-7374-42AA-B4FF-CA0335556BC8}.Debug|Any CPU.Build.0 = Debug|Any CPU
		{54A6FA4D-7374-42AA-B4FF-CA0335556BC8}.Release|Any CPU.ActiveCfg = Release|Any CPU
		{54A6FA4D-7374-42AA-B4FF-CA0335556BC8}.Release|Any CPU.Build.0 = Release|Any CPU
		{5F5F7012-6E47-46B1-952B-BEE8EA6DE81C}.Debug|Any CPU.ActiveCfg = Debug|Any CPU
		{5F5F7012-6E47-46B1-952B-BEE8EA6DE81C}.Debug|Any CPU.Build.0 = Debug|Any CPU
		{5F5F7012-6E47-46B1-952B-BEE8EA6DE81C}.Release|Any CPU.ActiveCfg = Release|Any CPU
		{5F5F7012-6E47-46B1-952B-BEE8EA6DE81C}.Release|Any CPU.Build.0 = Release|Any CPU
		{A5C55013-92B1-4B04-B142-DE034E635A61}.Debug|Any CPU.ActiveCfg = Debug|Any CPU
		{A5C55013-92B1-4B04-B142-DE034E635A61}.Debug|Any CPU.Build.0 = Debug|Any CPU
		{A5C55013-92B1-4B04-B142-DE034E635A61}.Release|Any CPU.ActiveCfg = Release|Any CPU
		{A5C55013-92B1-4B04-B142-DE034E635A61}.Release|Any CPU.Build.0 = Release|Any CPU
		{71F87E9C-D79B-43E7-9A23-0D3391E2A40E}.Debug|Any CPU.ActiveCfg = Debug|Any CPU
		{71F87E9C-D79B-43E7-9A23-0D3391E2A40E}.Debug|Any CPU.Build.0 = Debug|Any CPU
		{71F87E9C-D79B-43E7-9A23-0D3391E2A40E}.Release|Any CPU.ActiveCfg = Release|Any CPU
		{71F87E9C-D79B-43E7-9A23-0D3391E2A40E}.Release|Any CPU.Build.0 = Release|Any CPU
		{21EFD783-119B-4530-A0A0-79999D80DCBA}.Debug|Any CPU.ActiveCfg = Debug|Any CPU
		{21EFD783-119B-4530-A0A0-79999D80DCBA}.Debug|Any CPU.Build.0 = Debug|Any CPU
		{21EFD783-119B-4530-A0A0-79999D80DCBA}.Release|Any CPU.ActiveCfg = Release|Any CPU
		{21EFD783-119B-4530-A0A0-79999D80DCBA}.Release|Any CPU.Build.0 = Release|Any CPU
	EndGlobalSection
	GlobalSection(SolutionProperties) = preSolution
		HideSolutionNode = FALSE
	EndGlobalSection
EndGlobal
