
Microsoft Visual Studio Solution File, Format Version 12.00
# Visual Studio 2012
Project("{FAE04EC0-301F-11D3-BF4B-00C04F79EFBC}") = "Homework 9 - OpenAccess", "Homework 9 - OpenAccess\Homework 9 - OpenAccess.csproj", "{A1EA9D4B-FC2C-4A73-ACF0-3614695DEB07}"
EndProject
Global
	GlobalSection(SolutionConfigurationPlatforms) = preSolution
		Debug|Any CPU = Debug|Any CPU
		Release|Any CPU = Release|Any CPU
	EndGlobalSection
	GlobalSection(ProjectConfigurationPlatforms) = postSolution
		{A1EA9D4B-FC2C-4A73-ACF0-3614695DEB07}.Debug|Any CPU.ActiveCfg = Debug|Any CPU
		{A1EA9D4B-FC2C-4A73-ACF0-3614695DEB07}.Debug|Any CPU.Build.0 = Debug|Any CPU
		{A1EA9D4B-FC2C-4A73-ACF0-3614695DEB07}.Release|Any CPU.ActiveCfg = Release|Any CPU
		{A1EA9D4B-FC2C-4A73-ACF0-3614695DEB07}.Release|Any CPU.Build.0 = Release|Any CPU
	EndGlobalSection
	GlobalSection(SolutionProperties) = preSolution
		HideSolutionNode = FALSE
	EndGlobalSection
EndGlobal
