
Microsoft Visual Studio Solution File, Format Version 12.00
# Visual Studio 2012
Project("{FAE04EC0-301F-11D3-BF4B-00C04F79EFBC}") = "SimpleOperatorsPerformance", "SimpleOperatorsPerformance\SimpleOperatorsPerformance.csproj", "{C0C81350-BCE0-4553-AEAB-99763E1F2DCB}"
EndProject
Global
	GlobalSection(SolutionConfigurationPlatforms) = preSolution
		Debug|Any CPU = Debug|Any CPU
		Release|Any CPU = Release|Any CPU
	EndGlobalSection
	GlobalSection(ProjectConfigurationPlatforms) = postSolution
		{C0C81350-BCE0-4553-AEAB-99763E1F2DCB}.Debug|Any CPU.ActiveCfg = Debug|Any CPU
		{C0C81350-BCE0-4553-AEAB-99763E1F2DCB}.Debug|Any CPU.Build.0 = Debug|Any CPU
		{C0C81350-BCE0-4553-AEAB-99763E1F2DCB}.Release|Any CPU.ActiveCfg = Release|Any CPU
		{C0C81350-BCE0-4553-AEAB-99763E1F2DCB}.Release|Any CPU.Build.0 = Release|Any CPU
	EndGlobalSection
	GlobalSection(SolutionProperties) = preSolution
		HideSolutionNode = FALSE
	EndGlobalSection
EndGlobal
