
Microsoft Visual Studio Solution File, Format Version 12.00
# Visual Studio 2012
Project("{FAE04EC0-301F-11D3-BF4B-00C04F79EFBC}") = "Homework 11 - Transactions", "Homework 11 - Transactions\Homework 11 - Transactions.csproj", "{6050CF70-15F2-4067-BC0B-19F2F5ACB935}"
EndProject
Global
	GlobalSection(SolutionConfigurationPlatforms) = preSolution
		Debug|Any CPU = Debug|Any CPU
		Release|Any CPU = Release|Any CPU
	EndGlobalSection
	GlobalSection(ProjectConfigurationPlatforms) = postSolution
		{6050CF70-15F2-4067-BC0B-19F2F5ACB935}.Debug|Any CPU.ActiveCfg = Debug|Any CPU
		{6050CF70-15F2-4067-BC0B-19F2F5ACB935}.Debug|Any CPU.Build.0 = Debug|Any CPU
		{6050CF70-15F2-4067-BC0B-19F2F5ACB935}.Release|Any CPU.ActiveCfg = Release|Any CPU
		{6050CF70-15F2-4067-BC0B-19F2F5ACB935}.Release|Any CPU.Build.0 = Release|Any CPU
	EndGlobalSection
	GlobalSection(SolutionProperties) = preSolution
		HideSolutionNode = FALSE
	EndGlobalSection
EndGlobal
